
Microsoft Visual Studio Solution File, Format Version 12.00
# Visual Studio Version 17
VisualStudioVersion = 17.8.34309.116
MinimumVisualStudioVersion = 10.0.40219.1
Project("{FAE04EC0-301F-11D3-BF4B-00C04F79EFBC}") = "Social_Login", "Social_Login\Social_Login.csproj", "{5BD0B5F9-5045-461C-9A88-D51750562AE1}"
EndProject
Global
	GlobalSection(SolutionConfigurationPlatforms) = preSolution
		Debug|Any CPU = Debug|Any CPU
		Release|Any CPU = Release|Any CPU
	EndGlobalSection
	GlobalSection(ProjectConfigurationPlatforms) = postSolution
		{5BD0B5F9-5045-461C-9A88-D51750562AE1}.Debug|Any CPU.ActiveCfg = Debug|Any CPU
		{5BD0B5F9-5045-461C-9A88-D51750562AE1}.Debug|Any CPU.Build.0 = Debug|Any CPU
		{5BD0B5F9-5045-461C-9A88-D51750562AE1}.Release|Any CPU.ActiveCfg = Release|Any CPU
		{5BD0B5F9-5045-461C-9A88-D51750562AE1}.Release|Any CPU.Build.0 = Release|Any CPU
	EndGlobalSection
	GlobalSection(SolutionProperties) = preSolution
		HideSolutionNode = FALSE
	EndGlobalSection
	GlobalSection(ExtensibilityGlobals) = postSolution
		SolutionGuid = {A9CF2062-3A7E-4FCB-9E04-5F6BB708EDDA}
	EndGlobalSection
EndGlobal
